
Microsoft Visual Studio Solution File, Format Version 12.00
# Visual Studio Version 16
VisualStudioVersion = 16.0.30204.135
MinimumVisualStudioVersion = 10.0.40219.1
Project("{FAE04EC0-301F-11D3-BF4B-00C04F79EFBC}") = "FoodToStep", "FoodToStep\FoodToStep.csproj", "{92CE47F1-E682-4C55-BF88-04C3F6FCA257}"
EndProject
Global
	GlobalSection(SolutionConfigurationPlatforms) = preSolution
		Debug|Any CPU = Debug|Any CPU
		Release|Any CPU = Release|Any CPU
	EndGlobalSection
	GlobalSection(ProjectConfigurationPlatforms) = postSolution
		{92CE47F1-E682-4C55-BF88-04C3F6FCA257}.Debug|Any CPU.ActiveCfg = Debug|Any CPU
		{92CE47F1-E682-4C55-BF88-04C3F6FCA257}.Debug|Any CPU.Build.0 = Debug|Any CPU
		{92CE47F1-E682-4C55-BF88-04C3F6FCA257}.Release|Any CPU.ActiveCfg = Release|Any CPU
		{92CE47F1-E682-4C55-BF88-04C3F6FCA257}.Release|Any CPU.Build.0 = Release|Any CPU
	EndGlobalSection
	GlobalSection(SolutionProperties) = preSolution
		HideSolutionNode = FALSE
	EndGlobalSection
	GlobalSection(ExtensibilityGlobals) = postSolution
		SolutionGuid = {6D7483B7-7226-46CE-A698-95E183D1AA62}
	EndGlobalSection
EndGlobal
